
Microsoft Visual Studio Solution File, Format Version 12.00
# Visual Studio Version 16
VisualStudioVersion = 16.0.30114.105
MinimumVisualStudioVersion = 10.0.40219.1
Project("{2150E333-8FDC-42A3-9474-1A3956D46DE8}") = "Proxy", "Proxy", "{E4F3D00D-0B7B-4250-8EE2-4EB67DCBB521}"
EndProject
Project("{2150E333-8FDC-42A3-9474-1A3956D46DE8}") = "Songs", "Songs", "{6225C4D9-3BB1-4CFB-B134-E6BA6E74B362}"
EndProject
Project("{FAE04EC0-301F-11D3-BF4B-00C04F79EFBC}") = "Proxy.Api", "Proxy.Api\Proxy.Api.csproj", "{3D796E3A-8B48-4050-9F08-8ED320208E30}"
EndProject
Project("{2150E333-8FDC-42A3-9474-1A3956D46DE8}") = "Solution Items", "Solution Items", "{CFB713BE-B0B4-427F-9E92-B902804B140E}"
	ProjectSection(SolutionItems) = preProject
		.editorconfig = .editorconfig
	EndProjectSection
EndProject
Project("{FAE04EC0-301F-11D3-BF4B-00C04F79EFBC}") = "SpotifyProxy.WebService", "SpotifyProxy.WebService\SpotifyProxy.WebService.csproj", "{AE09AAA6-23DD-486B-BBC3-C07431EA7F18}"
EndProject
Project("{2150E333-8FDC-42A3-9474-1A3956D46DE8}") = "Framework", "Framework", "{DCB6B9CD-6132-4D95-AA79-313E5403A04B}"
EndProject
Project("{FAE04EC0-301F-11D3-BF4B-00C04F79EFBC}") = "MShare.Framework.Infrastructure", "MShare.Framework.Infrastructure\MShare.Framework.Infrastructure.csproj", "{E9A5A7D1-EFEE-4000-BB5C-30994C884184}"
EndProject
Project("{FAE04EC0-301F-11D3-BF4B-00C04F79EFBC}") = "MShare.Framework.Types", "MShare.Framework.Types\MShare.Framework.Types.csproj", "{F0C3F1E4-4679-49CB-BE61-469E63417B1C}"
EndProject
Project("{FAE04EC0-301F-11D3-BF4B-00C04F79EFBC}") = "MShare.Framework.WebApi", "MShare.Framework.WebApi\MShare.Framework.WebApi.csproj", "{DC5ABEBE-545C-47EC-86A0-1C25AB3AE21A}"
EndProject
Project("{FAE04EC0-301F-11D3-BF4B-00C04F79EFBC}") = "MShare.Framework", "MShare.Framework\MShare.Framework.csproj", "{113FF6A6-19B5-46E9-8BDD-F78901D10B7B}"
EndProject
Project("{FAE04EC0-301F-11D3-BF4B-00C04F79EFBC}") = "AppleProxy.WebService", "AppleProxy.WebService\AppleProxy.WebService.csproj", "{A636DC6E-4276-4726-ADC2-1B05F6E781BC}"
EndProject
Project("{E53339B2-1760-4266-BCC7-CA923CBCF16C}") = "docker-compose", "docker-compose.dcproj", "{A372E196-9247-404B-8E91-C1CCECC93313}"
EndProject
Project("{FAE04EC0-301F-11D3-BF4B-00C04F79EFBC}") = "MShare.Songs.Application", "MShare.Songs.Application\MShare.Songs.Application.csproj", "{82C286E7-E1BD-418F-A78B-3EF716DD0FC1}"
EndProject
Project("{FAE04EC0-301F-11D3-BF4B-00C04F79EFBC}") = "MShare.Framework.Application", "MShare.Framework.Application\MShare.Framework.Application.csproj", "{1603F742-B136-46F8-ADE5-DC4E8B03B9F3}"
EndProject
Project("{FAE04EC0-301F-11D3-BF4B-00C04F79EFBC}") = "MShare.Framework.Api", "MShare.Framework.Api\MShare.Framework.Api.csproj", "{666DC99B-825B-4EDC-99FA-7E8EA0F93E6F}"
EndProject
Project("{FAE04EC0-301F-11D3-BF4B-00C04F79EFBC}") = "MShare.Songs.Infrastructure", "MShare.Songs.Infrastructure\MShare.Songs.Infrastructure.csproj", "{0EF075FC-6CBE-4ECF-8232-5F7A26FCD6E1}"
EndProject
Project("{FAE04EC0-301F-11D3-BF4B-00C04F79EFBC}") = "MShare.Songs.Api", "MShare.Songs.Api\MShare.Songs.Api.csproj", "{8708ACE0-E74F-4372-9ECA-C48B0B8EC4F9}"
EndProject
Project("{FAE04EC0-301F-11D3-BF4B-00C04F79EFBC}") = "MShare.Songs.WebApi", "MShare.Songs.WebApi\MShare.Songs.WebApi.csproj", "{B62872A9-DF60-4C36-8852-C192DB4C89C8}"
EndProject
Project("{FAE04EC0-301F-11D3-BF4B-00C04F79EFBC}") = "MShare.Songs.Domain", "MShare.Songs.Domain\MShare.Songs.Domain.csproj", "{6815252E-71BF-4801-BB7D-5613FF1CBB77}"
EndProject
Project("{FAE04EC0-301F-11D3-BF4B-00C04F79EFBC}") = "MShare.Framework.Domain", "MShare.Framework.Domain\MShare.Framework.Domain.csproj", "{CBDF7993-137C-40BC-B522-CE245AF9137C}"
EndProject
Project("{FAE04EC0-301F-11D3-BF4B-00C04F79EFBC}") = "ProxyService.Client", "ProxyService.Client\ProxyService.Client.csproj", "{51EBE73E-F82A-4361-A2E1-0690D890B05B}"
EndProject
Project("{FAE04EC0-301F-11D3-BF4B-00C04F79EFBC}") = "MShare.Songs.Abstractions", "MShare.Songs.Abstractions\MShare.Songs.Abstractions.csproj", "{5B90A9A0-1DD7-4FBF-A212-B8A1F8D58D28}"
EndProject
Project("{FAE04EC0-301F-11D3-BF4B-00C04F79EFBC}") = "MShare.Framework.System", "MShare.Framework.System\MShare.Framework.System.csproj", "{1D251CCE-DC0C-4E84-8427-A3C9D18A6AAF}"
EndProject
Project("{FAE04EC0-301F-11D3-BF4B-00C04F79EFBC}") = "MShare.Songs.Resources", "MShare.Songs.Resources\MShare.Songs.Resources.csproj", "{3C97C365-5F8E-4BC8-867A-DECE8D4A93E7}"
EndProject
Project("{2150E333-8FDC-42A3-9474-1A3956D46DE8}") = "Identity", "Identity", "{2E1DC3A7-65DD-4144-AECE-8955C0C4388F}"
EndProject
Project("{FAE04EC0-301F-11D3-BF4B-00C04F79EFBC}") = "MShare.Identity.Domain", "MShare.Identity.Domain\MShare.Identity.Domain.csproj", "{79DD2D45-50A0-4B1A-95E5-13AEDF3CFECC}"
EndProject
Project("{FAE04EC0-301F-11D3-BF4B-00C04F79EFBC}") = "MShare.Identity.Infrastructure", "MShare.Identity.Infrastructure\MShare.Identity.Infrastructure.csproj", "{A4BBD8C0-C9BE-4D35-A07C-BFC901270F32}"
EndProject
Project("{FAE04EC0-301F-11D3-BF4B-00C04F79EFBC}") = "MShare.Identity.WebApi", "MShare.Identity.WebApi\MShare.Identity.WebApi.csproj", "{4C3F8431-FD47-418D-9587-1277FFB57A48}"
EndProject
Project("{FAE04EC0-301F-11D3-BF4B-00C04F79EFBC}") = "MShare.Identity.Application", "MShare.Identity.Application\MShare.Identity.Application.csproj", "{A469A3B3-FBDB-4021-B319-C3F05BA9587F}"
EndProject
Project("{FAE04EC0-301F-11D3-BF4B-00C04F79EFBC}") = "MShare.Identity.Api", "MShare.Identity.Api\MShare.Identity.Api.csproj", "{042BC0B1-D3B8-4B46-8722-2241F7BECA5D}"
EndProject
Project("{2150E333-8FDC-42A3-9474-1A3956D46DE8}") = "DbMigratior", "DbMigratior", "{F203C488-E395-45F4-9EB8-B905B8395C97}"
EndProject
Project("{FAE04EC0-301F-11D3-BF4B-00C04F79EFBC}") = "MShare.DbMigrator", "MShare.DbMigrator\MShare.DbMigrator.csproj", "{E9C44905-4CAC-475A-9D21-DB0015F91286}"
EndProject
Global
	GlobalSection(SolutionConfigurationPlatforms) = preSolution
		Debug|Any CPU = Debug|Any CPU
		Release|Any CPU = Release|Any CPU
	EndGlobalSection
	GlobalSection(SolutionProperties) = preSolution
		HideSolutionNode = FALSE
	EndGlobalSection
	GlobalSection(ProjectConfigurationPlatforms) = postSolution
		{3D796E3A-8B48-4050-9F08-8ED320208E30}.Debug|Any CPU.ActiveCfg = Debug|Any CPU
		{3D796E3A-8B48-4050-9F08-8ED320208E30}.Debug|Any CPU.Build.0 = Debug|Any CPU
		{3D796E3A-8B48-4050-9F08-8ED320208E30}.Release|Any CPU.ActiveCfg = Release|Any CPU
		{3D796E3A-8B48-4050-9F08-8ED320208E30}.Release|Any CPU.Build.0 = Release|Any CPU
		{AE09AAA6-23DD-486B-BBC3-C07431EA7F18}.Debug|Any CPU.ActiveCfg = Debug|Any CPU
		{AE09AAA6-23DD-486B-BBC3-C07431EA7F18}.Debug|Any CPU.Build.0 = Debug|Any CPU
		{AE09AAA6-23DD-486B-BBC3-C07431EA7F18}.Release|Any CPU.ActiveCfg = Release|Any CPU
		{AE09AAA6-23DD-486B-BBC3-C07431EA7F18}.Release|Any CPU.Build.0 = Release|Any CPU
		{E9A5A7D1-EFEE-4000-BB5C-30994C884184}.Debug|Any CPU.ActiveCfg = Debug|Any CPU
		{E9A5A7D1-EFEE-4000-BB5C-30994C884184}.Debug|Any CPU.Build.0 = Debug|Any CPU
		{E9A5A7D1-EFEE-4000-BB5C-30994C884184}.Release|Any CPU.ActiveCfg = Release|Any CPU
		{E9A5A7D1-EFEE-4000-BB5C-30994C884184}.Release|Any CPU.Build.0 = Release|Any CPU
		{F0C3F1E4-4679-49CB-BE61-469E63417B1C}.Debug|Any CPU.ActiveCfg = Debug|Any CPU
		{F0C3F1E4-4679-49CB-BE61-469E63417B1C}.Debug|Any CPU.Build.0 = Debug|Any CPU
		{F0C3F1E4-4679-49CB-BE61-469E63417B1C}.Release|Any CPU.ActiveCfg = Release|Any CPU
		{F0C3F1E4-4679-49CB-BE61-469E63417B1C}.Release|Any CPU.Build.0 = Release|Any CPU
		{DC5ABEBE-545C-47EC-86A0-1C25AB3AE21A}.Debug|Any CPU.ActiveCfg = Debug|Any CPU
		{DC5ABEBE-545C-47EC-86A0-1C25AB3AE21A}.Debug|Any CPU.Build.0 = Debug|Any CPU
		{DC5ABEBE-545C-47EC-86A0-1C25AB3AE21A}.Release|Any CPU.ActiveCfg = Release|Any CPU
		{DC5ABEBE-545C-47EC-86A0-1C25AB3AE21A}.Release|Any CPU.Build.0 = Release|Any CPU
		{113FF6A6-19B5-46E9-8BDD-F78901D10B7B}.Debug|Any CPU.ActiveCfg = Debug|Any CPU
		{113FF6A6-19B5-46E9-8BDD-F78901D10B7B}.Debug|Any CPU.Build.0 = Debug|Any CPU
		{113FF6A6-19B5-46E9-8BDD-F78901D10B7B}.Release|Any CPU.ActiveCfg = Release|Any CPU
		{113FF6A6-19B5-46E9-8BDD-F78901D10B7B}.Release|Any CPU.Build.0 = Release|Any CPU
		{A636DC6E-4276-4726-ADC2-1B05F6E781BC}.Debug|Any CPU.ActiveCfg = Debug|Any CPU
		{A636DC6E-4276-4726-ADC2-1B05F6E781BC}.Debug|Any CPU.Build.0 = Debug|Any CPU
		{A636DC6E-4276-4726-ADC2-1B05F6E781BC}.Release|Any CPU.ActiveCfg = Release|Any CPU
		{A636DC6E-4276-4726-ADC2-1B05F6E781BC}.Release|Any CPU.Build.0 = Release|Any CPU
		{A372E196-9247-404B-8E91-C1CCECC93313}.Debug|Any CPU.ActiveCfg = Debug|Any CPU
		{A372E196-9247-404B-8E91-C1CCECC93313}.Debug|Any CPU.Build.0 = Debug|Any CPU
		{A372E196-9247-404B-8E91-C1CCECC93313}.Release|Any CPU.ActiveCfg = Release|Any CPU
		{A372E196-9247-404B-8E91-C1CCECC93313}.Release|Any CPU.Build.0 = Release|Any CPU
		{82C286E7-E1BD-418F-A78B-3EF716DD0FC1}.Debug|Any CPU.ActiveCfg = Debug|Any CPU
		{82C286E7-E1BD-418F-A78B-3EF716DD0FC1}.Debug|Any CPU.Build.0 = Debug|Any CPU
		{82C286E7-E1BD-418F-A78B-3EF716DD0FC1}.Release|Any CPU.ActiveCfg = Release|Any CPU
		{82C286E7-E1BD-418F-A78B-3EF716DD0FC1}.Release|Any CPU.Build.0 = Release|Any CPU
		{1603F742-B136-46F8-ADE5-DC4E8B03B9F3}.Debug|Any CPU.ActiveCfg = Debug|Any CPU
		{1603F742-B136-46F8-ADE5-DC4E8B03B9F3}.Debug|Any CPU.Build.0 = Debug|Any CPU
		{1603F742-B136-46F8-ADE5-DC4E8B03B9F3}.Release|Any CPU.ActiveCfg = Release|Any CPU
		{1603F742-B136-46F8-ADE5-DC4E8B03B9F3}.Release|Any CPU.Build.0 = Release|Any CPU
		{666DC99B-825B-4EDC-99FA-7E8EA0F93E6F}.Debug|Any CPU.ActiveCfg = Debug|Any CPU
		{666DC99B-825B-4EDC-99FA-7E8EA0F93E6F}.Debug|Any CPU.Build.0 = Debug|Any CPU
		{666DC99B-825B-4EDC-99FA-7E8EA0F93E6F}.Release|Any CPU.ActiveCfg = Release|Any CPU
		{666DC99B-825B-4EDC-99FA-7E8EA0F93E6F}.Release|Any CPU.Build.0 = Release|Any CPU
		{0EF075FC-6CBE-4ECF-8232-5F7A26FCD6E1}.Debug|Any CPU.ActiveCfg = Debug|Any CPU
		{0EF075FC-6CBE-4ECF-8232-5F7A26FCD6E1}.Debug|Any CPU.Build.0 = Debug|Any CPU
		{0EF075FC-6CBE-4ECF-8232-5F7A26FCD6E1}.Release|Any CPU.ActiveCfg = Release|Any CPU
		{0EF075FC-6CBE-4ECF-8232-5F7A26FCD6E1}.Release|Any CPU.Build.0 = Release|Any CPU
		{8708ACE0-E74F-4372-9ECA-C48B0B8EC4F9}.Debug|Any CPU.ActiveCfg = Debug|Any CPU
		{8708ACE0-E74F-4372-9ECA-C48B0B8EC4F9}.Debug|Any CPU.Build.0 = Debug|Any CPU
		{8708ACE0-E74F-4372-9ECA-C48B0B8EC4F9}.Release|Any CPU.ActiveCfg = Release|Any CPU
		{8708ACE0-E74F-4372-9ECA-C48B0B8EC4F9}.Release|Any CPU.Build.0 = Release|Any CPU
		{B62872A9-DF60-4C36-8852-C192DB4C89C8}.Debug|Any CPU.ActiveCfg = Debug|Any CPU
		{B62872A9-DF60-4C36-8852-C192DB4C89C8}.Debug|Any CPU.Build.0 = Debug|Any CPU
		{B62872A9-DF60-4C36-8852-C192DB4C89C8}.Release|Any CPU.ActiveCfg = Release|Any CPU
		{B62872A9-DF60-4C36-8852-C192DB4C89C8}.Release|Any CPU.Build.0 = Release|Any CPU
		{6815252E-71BF-4801-BB7D-5613FF1CBB77}.Debug|Any CPU.ActiveCfg = Debug|Any CPU
		{6815252E-71BF-4801-BB7D-5613FF1CBB77}.Debug|Any CPU.Build.0 = Debug|Any CPU
		{6815252E-71BF-4801-BB7D-5613FF1CBB77}.Release|Any CPU.ActiveCfg = Release|Any CPU
		{6815252E-71BF-4801-BB7D-5613FF1CBB77}.Release|Any CPU.Build.0 = Release|Any CPU
		{CBDF7993-137C-40BC-B522-CE245AF9137C}.Debug|Any CPU.ActiveCfg = Debug|Any CPU
		{CBDF7993-137C-40BC-B522-CE245AF9137C}.Debug|Any CPU.Build.0 = Debug|Any CPU
		{CBDF7993-137C-40BC-B522-CE245AF9137C}.Release|Any CPU.ActiveCfg = Release|Any CPU
		{CBDF7993-137C-40BC-B522-CE245AF9137C}.Release|Any CPU.Build.0 = Release|Any CPU
		{51EBE73E-F82A-4361-A2E1-0690D890B05B}.Debug|Any CPU.ActiveCfg = Debug|Any CPU
		{51EBE73E-F82A-4361-A2E1-0690D890B05B}.Debug|Any CPU.Build.0 = Debug|Any CPU
		{51EBE73E-F82A-4361-A2E1-0690D890B05B}.Release|Any CPU.ActiveCfg = Release|Any CPU
		{51EBE73E-F82A-4361-A2E1-0690D890B05B}.Release|Any CPU.Build.0 = Release|Any CPU
		{5B90A9A0-1DD7-4FBF-A212-B8A1F8D58D28}.Debug|Any CPU.ActiveCfg = Debug|Any CPU
		{5B90A9A0-1DD7-4FBF-A212-B8A1F8D58D28}.Debug|Any CPU.Build.0 = Debug|Any CPU
		{5B90A9A0-1DD7-4FBF-A212-B8A1F8D58D28}.Release|Any CPU.ActiveCfg = Release|Any CPU
		{5B90A9A0-1DD7-4FBF-A212-B8A1F8D58D28}.Release|Any CPU.Build.0 = Release|Any CPU
		{1D251CCE-DC0C-4E84-8427-A3C9D18A6AAF}.Debug|Any CPU.ActiveCfg = Debug|Any CPU
		{1D251CCE-DC0C-4E84-8427-A3C9D18A6AAF}.Debug|Any CPU.Build.0 = Debug|Any CPU
		{1D251CCE-DC0C-4E84-8427-A3C9D18A6AAF}.Release|Any CPU.ActiveCfg = Release|Any CPU
		{1D251CCE-DC0C-4E84-8427-A3C9D18A6AAF}.Release|Any CPU.Build.0 = Release|Any CPU
		{3C97C365-5F8E-4BC8-867A-DECE8D4A93E7}.Debug|Any CPU.ActiveCfg = Debug|Any CPU
		{3C97C365-5F8E-4BC8-867A-DECE8D4A93E7}.Debug|Any CPU.Build.0 = Debug|Any CPU
		{3C97C365-5F8E-4BC8-867A-DECE8D4A93E7}.Release|Any CPU.ActiveCfg = Release|Any CPU
		{3C97C365-5F8E-4BC8-867A-DECE8D4A93E7}.Release|Any CPU.Build.0 = Release|Any CPU
		{79DD2D45-50A0-4B1A-95E5-13AEDF3CFECC}.Debug|Any CPU.ActiveCfg = Debug|Any CPU
		{79DD2D45-50A0-4B1A-95E5-13AEDF3CFECC}.Debug|Any CPU.Build.0 = Debug|Any CPU
		{79DD2D45-50A0-4B1A-95E5-13AEDF3CFECC}.Release|Any CPU.ActiveCfg = Release|Any CPU
		{79DD2D45-50A0-4B1A-95E5-13AEDF3CFECC}.Release|Any CPU.Build.0 = Release|Any CPU
		{A4BBD8C0-C9BE-4D35-A07C-BFC901270F32}.Debug|Any CPU.ActiveCfg = Debug|Any CPU
		{A4BBD8C0-C9BE-4D35-A07C-BFC901270F32}.Debug|Any CPU.Build.0 = Debug|Any CPU
		{A4BBD8C0-C9BE-4D35-A07C-BFC901270F32}.Release|Any CPU.ActiveCfg = Release|Any CPU
		{A4BBD8C0-C9BE-4D35-A07C-BFC901270F32}.Release|Any CPU.Build.0 = Release|Any CPU
		{4C3F8431-FD47-418D-9587-1277FFB57A48}.Debug|Any CPU.ActiveCfg = Debug|Any CPU
		{4C3F8431-FD47-418D-9587-1277FFB57A48}.Debug|Any CPU.Build.0 = Debug|Any CPU
		{4C3F8431-FD47-418D-9587-1277FFB57A48}.Release|Any CPU.ActiveCfg = Release|Any CPU
		{4C3F8431-FD47-418D-9587-1277FFB57A48}.Release|Any CPU.Build.0 = Release|Any CPU
		{A469A3B3-FBDB-4021-B319-C3F05BA9587F}.Debug|Any CPU.ActiveCfg = Debug|Any CPU
		{A469A3B3-FBDB-4021-B319-C3F05BA9587F}.Debug|Any CPU.Build.0 = Debug|Any CPU
		{A469A3B3-FBDB-4021-B319-C3F05BA9587F}.Release|Any CPU.ActiveCfg = Release|Any CPU
		{A469A3B3-FBDB-4021-B319-C3F05BA9587F}.Release|Any CPU.Build.0 = Release|Any CPU
		{042BC0B1-D3B8-4B46-8722-2241F7BECA5D}.Debug|Any CPU.ActiveCfg = Debug|Any CPU
		{042BC0B1-D3B8-4B46-8722-2241F7BECA5D}.Debug|Any CPU.Build.0 = Debug|Any CPU
		{042BC0B1-D3B8-4B46-8722-2241F7BECA5D}.Release|Any CPU.ActiveCfg = Release|Any CPU
		{042BC0B1-D3B8-4B46-8722-2241F7BECA5D}.Release|Any CPU.Build.0 = Release|Any CPU
		{E9C44905-4CAC-475A-9D21-DB0015F91286}.Debug|Any CPU.ActiveCfg = Debug|Any CPU
		{E9C44905-4CAC-475A-9D21-DB0015F91286}.Debug|Any CPU.Build.0 = Debug|Any CPU
		{E9C44905-4CAC-475A-9D21-DB0015F91286}.Release|Any CPU.ActiveCfg = Release|Any CPU
		{E9C44905-4CAC-475A-9D21-DB0015F91286}.Release|Any CPU.Build.0 = Release|Any CPU
	EndGlobalSection
	GlobalSection(NestedProjects) = preSolution
		{3D796E3A-8B48-4050-9F08-8ED320208E30} = {E4F3D00D-0B7B-4250-8EE2-4EB67DCBB521}
		{AE09AAA6-23DD-486B-BBC3-C07431EA7F18} = {E4F3D00D-0B7B-4250-8EE2-4EB67DCBB521}
		{E9A5A7D1-EFEE-4000-BB5C-30994C884184} = {DCB6B9CD-6132-4D95-AA79-313E5403A04B}
		{F0C3F1E4-4679-49CB-BE61-469E63417B1C} = {DCB6B9CD-6132-4D95-AA79-313E5403A04B}
		{DC5ABEBE-545C-47EC-86A0-1C25AB3AE21A} = {DCB6B9CD-6132-4D95-AA79-313E5403A04B}
		{113FF6A6-19B5-46E9-8BDD-F78901D10B7B} = {DCB6B9CD-6132-4D95-AA79-313E5403A04B}
		{A636DC6E-4276-4726-ADC2-1B05F6E781BC} = {E4F3D00D-0B7B-4250-8EE2-4EB67DCBB521}
		{82C286E7-E1BD-418F-A78B-3EF716DD0FC1} = {6225C4D9-3BB1-4CFB-B134-E6BA6E74B362}
		{1603F742-B136-46F8-ADE5-DC4E8B03B9F3} = {DCB6B9CD-6132-4D95-AA79-313E5403A04B}
		{666DC99B-825B-4EDC-99FA-7E8EA0F93E6F} = {DCB6B9CD-6132-4D95-AA79-313E5403A04B}
		{0EF075FC-6CBE-4ECF-8232-5F7A26FCD6E1} = {6225C4D9-3BB1-4CFB-B134-E6BA6E74B362}
		{8708ACE0-E74F-4372-9ECA-C48B0B8EC4F9} = {6225C4D9-3BB1-4CFB-B134-E6BA6E74B362}
		{B62872A9-DF60-4C36-8852-C192DB4C89C8} = {6225C4D9-3BB1-4CFB-B134-E6BA6E74B362}
		{6815252E-71BF-4801-BB7D-5613FF1CBB77} = {6225C4D9-3BB1-4CFB-B134-E6BA6E74B362}
		{CBDF7993-137C-40BC-B522-CE245AF9137C} = {DCB6B9CD-6132-4D95-AA79-313E5403A04B}
		{51EBE73E-F82A-4361-A2E1-0690D890B05B} = {E4F3D00D-0B7B-4250-8EE2-4EB67DCBB521}
		{5B90A9A0-1DD7-4FBF-A212-B8A1F8D58D28} = {6225C4D9-3BB1-4CFB-B134-E6BA6E74B362}
		{1D251CCE-DC0C-4E84-8427-A3C9D18A6AAF} = {DCB6B9CD-6132-4D95-AA79-313E5403A04B}
		{3C97C365-5F8E-4BC8-867A-DECE8D4A93E7} = {6225C4D9-3BB1-4CFB-B134-E6BA6E74B362}
		{79DD2D45-50A0-4B1A-95E5-13AEDF3CFECC} = {2E1DC3A7-65DD-4144-AECE-8955C0C4388F}
		{A4BBD8C0-C9BE-4D35-A07C-BFC901270F32} = {2E1DC3A7-65DD-4144-AECE-8955C0C4388F}
		{4C3F8431-FD47-418D-9587-1277FFB57A48} = {2E1DC3A7-65DD-4144-AECE-8955C0C4388F}
		{A469A3B3-FBDB-4021-B319-C3F05BA9587F} = {2E1DC3A7-65DD-4144-AECE-8955C0C4388F}
		{042BC0B1-D3B8-4B46-8722-2241F7BECA5D} = {2E1DC3A7-65DD-4144-AECE-8955C0C4388F}
		{E9C44905-4CAC-475A-9D21-DB0015F91286} = {F203C488-E395-45F4-9EB8-B905B8395C97}
	EndGlobalSection
EndGlobal
