
Microsoft Visual Studio Solution File, Format Version 12.00
# Visual Studio Version 16
VisualStudioVersion = 16.0.30114.105
MinimumVisualStudioVersion = 10.0.40219.1
Project("{2150E333-8FDC-42A3-9474-1A3956D46DE8}") = "Proxy", "Proxy", "{E4F3D00D-0B7B-4250-8EE2-4EB67DCBB521}"
EndProject
Project("{2150E333-8FDC-42A3-9474-1A3956D46DE8}") = "Core", "Core", "{6225C4D9-3BB1-4CFB-B134-E6BA6E74B362}"
EndProject
Project("{FAE04EC0-301F-11D3-BF4B-00C04F79EFBC}") = "Proxy.Api", "Proxy.Api\Proxy.Api.csproj", "{3D796E3A-8B48-4050-9F08-8ED320208E30}"
EndProject
Project("{2150E333-8FDC-42A3-9474-1A3956D46DE8}") = "Solution Items", "Solution Items", "{CFB713BE-B0B4-427F-9E92-B902804B140E}"
	ProjectSection(SolutionItems) = preProject
		.editorconfig = .editorconfig
	EndProjectSection
EndProject
Project("{FAE04EC0-301F-11D3-BF4B-00C04F79EFBC}") = "SpotifyProxy.WebService", "SpotifyProxy.WebService\SpotifyProxy.WebService.csproj", "{AE09AAA6-23DD-486B-BBC3-C07431EA7F18}"
EndProject
Project("{2150E333-8FDC-42A3-9474-1A3956D46DE8}") = "Framework", "Framework", "{DCB6B9CD-6132-4D95-AA79-313E5403A04B}"
EndProject
Project("{FAE04EC0-301F-11D3-BF4B-00C04F79EFBC}") = "MShare.Framework.Infrastructure", "MShare.Framework.Infrastructure\MShare.Framework.Infrastructure.csproj", "{E9A5A7D1-EFEE-4000-BB5C-30994C884184}"
EndProject
Project("{FAE04EC0-301F-11D3-BF4B-00C04F79EFBC}") = "MShare.Framework.Types", "MShare.Framework.Types\MShare.Framework.Types.csproj", "{F0C3F1E4-4679-49CB-BE61-469E63417B1C}"
EndProject
Project("{FAE04EC0-301F-11D3-BF4B-00C04F79EFBC}") = "MShare.Framework.WebApi", "MShare.Framework.WebApi\MShare.Framework.WebApi.csproj", "{DC5ABEBE-545C-47EC-86A0-1C25AB3AE21A}"
EndProject
Global
	GlobalSection(SolutionConfigurationPlatforms) = preSolution
		Debug|Any CPU = Debug|Any CPU
		Release|Any CPU = Release|Any CPU
	EndGlobalSection
	GlobalSection(SolutionProperties) = preSolution
		HideSolutionNode = FALSE
	EndGlobalSection
	GlobalSection(ProjectConfigurationPlatforms) = postSolution
		{3D796E3A-8B48-4050-9F08-8ED320208E30}.Debug|Any CPU.ActiveCfg = Debug|Any CPU
		{3D796E3A-8B48-4050-9F08-8ED320208E30}.Debug|Any CPU.Build.0 = Debug|Any CPU
		{3D796E3A-8B48-4050-9F08-8ED320208E30}.Release|Any CPU.ActiveCfg = Release|Any CPU
		{3D796E3A-8B48-4050-9F08-8ED320208E30}.Release|Any CPU.Build.0 = Release|Any CPU
		{AE09AAA6-23DD-486B-BBC3-C07431EA7F18}.Debug|Any CPU.ActiveCfg = Debug|Any CPU
		{AE09AAA6-23DD-486B-BBC3-C07431EA7F18}.Debug|Any CPU.Build.0 = Debug|Any CPU
		{AE09AAA6-23DD-486B-BBC3-C07431EA7F18}.Release|Any CPU.ActiveCfg = Release|Any CPU
		{AE09AAA6-23DD-486B-BBC3-C07431EA7F18}.Release|Any CPU.Build.0 = Release|Any CPU
		{E9A5A7D1-EFEE-4000-BB5C-30994C884184}.Debug|Any CPU.ActiveCfg = Debug|Any CPU
		{E9A5A7D1-EFEE-4000-BB5C-30994C884184}.Debug|Any CPU.Build.0 = Debug|Any CPU
		{E9A5A7D1-EFEE-4000-BB5C-30994C884184}.Release|Any CPU.ActiveCfg = Release|Any CPU
		{E9A5A7D1-EFEE-4000-BB5C-30994C884184}.Release|Any CPU.Build.0 = Release|Any CPU
		{F0C3F1E4-4679-49CB-BE61-469E63417B1C}.Debug|Any CPU.ActiveCfg = Debug|Any CPU
		{F0C3F1E4-4679-49CB-BE61-469E63417B1C}.Debug|Any CPU.Build.0 = Debug|Any CPU
		{F0C3F1E4-4679-49CB-BE61-469E63417B1C}.Release|Any CPU.ActiveCfg = Release|Any CPU
		{F0C3F1E4-4679-49CB-BE61-469E63417B1C}.Release|Any CPU.Build.0 = Release|Any CPU
		{DC5ABEBE-545C-47EC-86A0-1C25AB3AE21A}.Debug|Any CPU.ActiveCfg = Debug|Any CPU
		{DC5ABEBE-545C-47EC-86A0-1C25AB3AE21A}.Debug|Any CPU.Build.0 = Debug|Any CPU
		{DC5ABEBE-545C-47EC-86A0-1C25AB3AE21A}.Release|Any CPU.ActiveCfg = Release|Any CPU
		{DC5ABEBE-545C-47EC-86A0-1C25AB3AE21A}.Release|Any CPU.Build.0 = Release|Any CPU
	EndGlobalSection
	GlobalSection(NestedProjects) = preSolution
		{3D796E3A-8B48-4050-9F08-8ED320208E30} = {E4F3D00D-0B7B-4250-8EE2-4EB67DCBB521}
		{AE09AAA6-23DD-486B-BBC3-C07431EA7F18} = {E4F3D00D-0B7B-4250-8EE2-4EB67DCBB521}
		{E9A5A7D1-EFEE-4000-BB5C-30994C884184} = {DCB6B9CD-6132-4D95-AA79-313E5403A04B}
		{F0C3F1E4-4679-49CB-BE61-469E63417B1C} = {DCB6B9CD-6132-4D95-AA79-313E5403A04B}
		{DC5ABEBE-545C-47EC-86A0-1C25AB3AE21A} = {DCB6B9CD-6132-4D95-AA79-313E5403A04B}
	EndGlobalSection
EndGlobal
